
Microsoft Visual Studio Solution File, Format Version 12.00
# Visual Studio 15
VisualStudioVersion = 15.0.27004.2009
MinimumVisualStudioVersion = 10.0.40219.1
Project("{A0786B88-2ADB-4C21-ABE8-AA2D79766269}") = "web_server", "web_server\web_server.phpproj", "{A7171D3F-8B11-4263-BABD-E458EDD82DD9}"
EndProject
Project("{D954291E-2A0B-460D-934E-DC6B0785DB48}") = "app_lib", "app_lib\app_lib.shproj", "{B28A06A4-FAF4-47A7-8836-12A0C44E5726}"
EndProject
Project("{2150E333-8FDC-42A3-9474-1A3956D46DE8}") = "database", "database", "{A6A69A10-4D6A-4FBE-B731-18C60FA20BE5}"
	ProjectSection(SolutionItems) = preProject
		_items\database\database_diagram.png = _items\database\database_diagram.png
		_items\database\setup.sql = _items\database\setup.sql
	EndProjectSection
EndProject
Project("{2150E333-8FDC-42A3-9474-1A3956D46DE8}") = "Items", "Items", "{C86FDBB8-5ABC-47C9-A2E5-C68F52601952}"
EndProject
Project("{2150E333-8FDC-42A3-9474-1A3956D46DE8}") = "prototypes", "prototypes", "{B2B80DD7-1D17-4345-A0CE-42D7D9EC92AE}"
EndProject
Project("{2150E333-8FDC-42A3-9474-1A3956D46DE8}") = "wireframe", "wireframe", "{DBF460F9-684A-4C03-8C7F-466DE29F9020}"
	ProjectSection(SolutionItems) = preProject
		_items\prototypes\wireframe\demo.flv = _items\prototypes\wireframe\demo.flv
		_items\prototypes\wireframe\history.jpg = _items\prototypes\wireframe\history.jpg
		_items\prototypes\wireframe\login.jpg = _items\prototypes\wireframe\login.jpg
		_items\prototypes\wireframe\main.css = _items\prototypes\wireframe\main.css
		_items\prototypes\wireframe\main.html = _items\prototypes\wireframe\main.html
		_items\prototypes\wireframe\main.js = _items\prototypes\wireframe\main.js
		_items\prototypes\wireframe\menu.jpg = _items\prototypes\wireframe\menu.jpg
		_items\prototypes\wireframe\qr_scanner.jpg = _items\prototypes\wireframe\qr_scanner.jpg
		_items\prototypes\wireframe\qr_scanner_completed.jpg = _items\prototypes\wireframe\qr_scanner_completed.jpg
		_items\prototypes\wireframe\statistics.jpg = _items\prototypes\wireframe\statistics.jpg
	EndProjectSection
EndProject
Project("{2150E333-8FDC-42A3-9474-1A3956D46DE8}") = "php", "php", "{F4F5E043-5B76-42C3-9540-D732B7978FD3}"
	ProjectSection(SolutionItems) = preProject
		_items\prototypes\php_prototype\demo.flv = _items\prototypes\php_prototype\demo.flv
	EndProjectSection
EndProject
Project("{2150E333-8FDC-42A3-9474-1A3956D46DE8}") = "app", "app", "{3C1FEC7E-F7A1-48E4-AAE6-D374A7340D17}"
EndProject
Project("{2150E333-8FDC-42A3-9474-1A3956D46DE8}") = "css", "css", "{886CB84F-EA8C-48E1-BE49-741671426FD1}"
	ProjectSection(SolutionItems) = preProject
		_items\prototypes\php_prototype\app\css\main.css = _items\prototypes\php_prototype\app\css\main.css
	EndProjectSection
EndProject
Project("{2150E333-8FDC-42A3-9474-1A3956D46DE8}") = "img", "img", "{11D17427-6477-4D14-9F45-DF1F79347B1B}"
	ProjectSection(SolutionItems) = preProject
		_items\prototypes\php_prototype\app\img\camera.mp4 = _items\prototypes\php_prototype\app\img\camera.mp4
		_items\prototypes\php_prototype\app\img\check.png = _items\prototypes\php_prototype\app\img\check.png
		_items\prototypes\php_prototype\app\img\loading.gif = _items\prototypes\php_prototype\app\img\loading.gif
		_items\prototypes\php_prototype\app\img\menu.png = _items\prototypes\php_prototype\app\img\menu.png
	EndProjectSection
EndProject
Project("{2150E333-8FDC-42A3-9474-1A3956D46DE8}") = "js", "js", "{2CB5B4F7-FDF0-4EC2-AD63-5A28F7B3C736}"
	ProjectSection(SolutionItems) = preProject
		_items\prototypes\php_prototype\app\js\main.js = _items\prototypes\php_prototype\app\js\main.js
	EndProjectSection
EndProject
Project("{888888A0-9F3D-457C-B088-3A5042F75D52}") = "web_server_preprocessor", "web_server_preprocessor\web_server_preprocessor.pyproj", "{B5CA8CA3-3511-4A52-99E3-8FF7A32BC537}"
EndProject
Project("{FAE04EC0-301F-11D3-BF4B-00C04F79EFBC}") = "app.Android", "app\app.Android\app.Android.csproj", "{A4575C7F-CEEC-4C34-A96B-916E69B2E4C0}"
EndProject
Project("{FAE04EC0-301F-11D3-BF4B-00C04F79EFBC}") = "app", "app\app\app.csproj", "{76FB3B52-36A8-44B9-ABE2-70057B98A1BC}"
EndProject
Project("{FAE04EC0-301F-11D3-BF4B-00C04F79EFBC}") = "unit_test_app_lib", "unit_test_app_lib\unit_test_app_lib.csproj", "{465F30DB-C249-4144-A858-A6693FED96B4}"
EndProject
Global
	GlobalSection(SharedMSBuildProjectFiles) = preSolution
		app_lib\app_lib.projitems*{76fb3b52-36a8-44b9-abe2-70057b98a1bc}*SharedItemsImports = 4
		app_lib\app_lib.projitems*{b28a06a4-faf4-47a7-8836-12a0c44e5726}*SharedItemsImports = 13
	EndGlobalSection
	GlobalSection(SolutionConfigurationPlatforms) = preSolution
		Ad-Hoc|Any CPU = Ad-Hoc|Any CPU
		Ad-Hoc|iPhone = Ad-Hoc|iPhone
		Ad-Hoc|iPhoneSimulator = Ad-Hoc|iPhoneSimulator
		AppStore|Any CPU = AppStore|Any CPU
		AppStore|iPhone = AppStore|iPhone
		AppStore|iPhoneSimulator = AppStore|iPhoneSimulator
		Debug|Any CPU = Debug|Any CPU
		Debug|iPhone = Debug|iPhone
		Debug|iPhoneSimulator = Debug|iPhoneSimulator
		Release|Any CPU = Release|Any CPU
		Release|iPhone = Release|iPhone
		Release|iPhoneSimulator = Release|iPhoneSimulator
	EndGlobalSection
	GlobalSection(ProjectConfigurationPlatforms) = postSolution
		{A7171D3F-8B11-4263-BABD-E458EDD82DD9}.Ad-Hoc|Any CPU.ActiveCfg = Release|Any CPU
		{A7171D3F-8B11-4263-BABD-E458EDD82DD9}.Ad-Hoc|iPhone.ActiveCfg = Release|Any CPU
		{A7171D3F-8B11-4263-BABD-E458EDD82DD9}.Ad-Hoc|iPhoneSimulator.ActiveCfg = Release|Any CPU
		{A7171D3F-8B11-4263-BABD-E458EDD82DD9}.AppStore|Any CPU.ActiveCfg = Release|Any CPU
		{A7171D3F-8B11-4263-BABD-E458EDD82DD9}.AppStore|iPhone.ActiveCfg = Release|Any CPU
		{A7171D3F-8B11-4263-BABD-E458EDD82DD9}.AppStore|iPhoneSimulator.ActiveCfg = Release|Any CPU
		{A7171D3F-8B11-4263-BABD-E458EDD82DD9}.Debug|Any CPU.ActiveCfg = Debug|Any CPU
		{A7171D3F-8B11-4263-BABD-E458EDD82DD9}.Debug|iPhone.ActiveCfg = Debug|Any CPU
		{A7171D3F-8B11-4263-BABD-E458EDD82DD9}.Debug|iPhoneSimulator.ActiveCfg = Debug|Any CPU
		{A7171D3F-8B11-4263-BABD-E458EDD82DD9}.Release|Any CPU.ActiveCfg = Release|Any CPU
		{A7171D3F-8B11-4263-BABD-E458EDD82DD9}.Release|iPhone.ActiveCfg = Release|Any CPU
		{A7171D3F-8B11-4263-BABD-E458EDD82DD9}.Release|iPhoneSimulator.ActiveCfg = Release|Any CPU
		{B5CA8CA3-3511-4A52-99E3-8FF7A32BC537}.Ad-Hoc|Any CPU.ActiveCfg = Release|Any CPU
		{B5CA8CA3-3511-4A52-99E3-8FF7A32BC537}.Ad-Hoc|iPhone.ActiveCfg = Release|Any CPU
		{B5CA8CA3-3511-4A52-99E3-8FF7A32BC537}.Ad-Hoc|iPhoneSimulator.ActiveCfg = Release|Any CPU
		{B5CA8CA3-3511-4A52-99E3-8FF7A32BC537}.AppStore|Any CPU.ActiveCfg = Release|Any CPU
		{B5CA8CA3-3511-4A52-99E3-8FF7A32BC537}.AppStore|iPhone.ActiveCfg = Release|Any CPU
		{B5CA8CA3-3511-4A52-99E3-8FF7A32BC537}.AppStore|iPhoneSimulator.ActiveCfg = Release|Any CPU
		{B5CA8CA3-3511-4A52-99E3-8FF7A32BC537}.Debug|Any CPU.ActiveCfg = Debug|Any CPU
		{B5CA8CA3-3511-4A52-99E3-8FF7A32BC537}.Debug|iPhone.ActiveCfg = Debug|Any CPU
		{B5CA8CA3-3511-4A52-99E3-8FF7A32BC537}.Debug|iPhoneSimulator.ActiveCfg = Debug|Any CPU
		{B5CA8CA3-3511-4A52-99E3-8FF7A32BC537}.Release|Any CPU.ActiveCfg = Release|Any CPU
		{B5CA8CA3-3511-4A52-99E3-8FF7A32BC537}.Release|iPhone.ActiveCfg = Release|Any CPU
		{B5CA8CA3-3511-4A52-99E3-8FF7A32BC537}.Release|iPhoneSimulator.ActiveCfg = Release|Any CPU
		{A4575C7F-CEEC-4C34-A96B-916E69B2E4C0}.Ad-Hoc|Any CPU.ActiveCfg = Release|Any CPU
		{A4575C7F-CEEC-4C34-A96B-916E69B2E4C0}.Ad-Hoc|Any CPU.Build.0 = Release|Any CPU
		{A4575C7F-CEEC-4C34-A96B-916E69B2E4C0}.Ad-Hoc|Any CPU.Deploy.0 = Release|Any CPU
		{A4575C7F-CEEC-4C34-A96B-916E69B2E4C0}.Ad-Hoc|iPhone.ActiveCfg = Release|Any CPU
		{A4575C7F-CEEC-4C34-A96B-916E69B2E4C0}.Ad-Hoc|iPhone.Build.0 = Release|Any CPU
		{A4575C7F-CEEC-4C34-A96B-916E69B2E4C0}.Ad-Hoc|iPhone.Deploy.0 = Release|Any CPU
		{A4575C7F-CEEC-4C34-A96B-916E69B2E4C0}.Ad-Hoc|iPhoneSimulator.ActiveCfg = Release|Any CPU
		{A4575C7F-CEEC-4C34-A96B-916E69B2E4C0}.Ad-Hoc|iPhoneSimulator.Build.0 = Release|Any CPU
		{A4575C7F-CEEC-4C34-A96B-916E69B2E4C0}.Ad-Hoc|iPhoneSimulator.Deploy.0 = Release|Any CPU
		{A4575C7F-CEEC-4C34-A96B-916E69B2E4C0}.AppStore|Any CPU.ActiveCfg = Release|Any CPU
		{A4575C7F-CEEC-4C34-A96B-916E69B2E4C0}.AppStore|Any CPU.Build.0 = Release|Any CPU
		{A4575C7F-CEEC-4C34-A96B-916E69B2E4C0}.AppStore|Any CPU.Deploy.0 = Release|Any CPU
		{A4575C7F-CEEC-4C34-A96B-916E69B2E4C0}.AppStore|iPhone.ActiveCfg = Release|Any CPU
		{A4575C7F-CEEC-4C34-A96B-916E69B2E4C0}.AppStore|iPhone.Build.0 = Release|Any CPU
		{A4575C7F-CEEC-4C34-A96B-916E69B2E4C0}.AppStore|iPhone.Deploy.0 = Release|Any CPU
		{A4575C7F-CEEC-4C34-A96B-916E69B2E4C0}.AppStore|iPhoneSimulator.ActiveCfg = Release|Any CPU
		{A4575C7F-CEEC-4C34-A96B-916E69B2E4C0}.AppStore|iPhoneSimulator.Build.0 = Release|Any CPU
		{A4575C7F-CEEC-4C34-A96B-916E69B2E4C0}.AppStore|iPhoneSimulator.Deploy.0 = Release|Any CPU
		{A4575C7F-CEEC-4C34-A96B-916E69B2E4C0}.Debug|Any CPU.ActiveCfg = Debug|Any CPU
		{A4575C7F-CEEC-4C34-A96B-916E69B2E4C0}.Debug|Any CPU.Build.0 = Debug|Any CPU
		{A4575C7F-CEEC-4C34-A96B-916E69B2E4C0}.Debug|Any CPU.Deploy.0 = Debug|Any CPU
		{A4575C7F-CEEC-4C34-A96B-916E69B2E4C0}.Debug|iPhone.ActiveCfg = Debug|Any CPU
		{A4575C7F-CEEC-4C34-A96B-916E69B2E4C0}.Debug|iPhone.Build.0 = Debug|Any CPU
		{A4575C7F-CEEC-4C34-A96B-916E69B2E4C0}.Debug|iPhone.Deploy.0 = Debug|Any CPU
		{A4575C7F-CEEC-4C34-A96B-916E69B2E4C0}.Debug|iPhoneSimulator.ActiveCfg = Debug|Any CPU
		{A4575C7F-CEEC-4C34-A96B-916E69B2E4C0}.Debug|iPhoneSimulator.Build.0 = Debug|Any CPU
		{A4575C7F-CEEC-4C34-A96B-916E69B2E4C0}.Debug|iPhoneSimulator.Deploy.0 = Debug|Any CPU
		{A4575C7F-CEEC-4C34-A96B-916E69B2E4C0}.Release|Any CPU.ActiveCfg = Release|Any CPU
		{A4575C7F-CEEC-4C34-A96B-916E69B2E4C0}.Release|Any CPU.Build.0 = Release|Any CPU
		{A4575C7F-CEEC-4C34-A96B-916E69B2E4C0}.Release|Any CPU.Deploy.0 = Release|Any CPU
		{A4575C7F-CEEC-4C34-A96B-916E69B2E4C0}.Release|iPhone.ActiveCfg = Release|Any CPU
		{A4575C7F-CEEC-4C34-A96B-916E69B2E4C0}.Release|iPhone.Build.0 = Release|Any CPU
		{A4575C7F-CEEC-4C34-A96B-916E69B2E4C0}.Release|iPhone.Deploy.0 = Release|Any CPU
		{A4575C7F-CEEC-4C34-A96B-916E69B2E4C0}.Release|iPhoneSimulator.ActiveCfg = Release|Any CPU
		{A4575C7F-CEEC-4C34-A96B-916E69B2E4C0}.Release|iPhoneSimulator.Build.0 = Release|Any CPU
		{A4575C7F-CEEC-4C34-A96B-916E69B2E4C0}.Release|iPhoneSimulator.Deploy.0 = Release|Any CPU
		{76FB3B52-36A8-44B9-ABE2-70057B98A1BC}.Ad-Hoc|Any CPU.ActiveCfg = Release|Any CPU
		{76FB3B52-36A8-44B9-ABE2-70057B98A1BC}.Ad-Hoc|Any CPU.Build.0 = Release|Any CPU
		{76FB3B52-36A8-44B9-ABE2-70057B98A1BC}.Ad-Hoc|iPhone.ActiveCfg = Release|Any CPU
		{76FB3B52-36A8-44B9-ABE2-70057B98A1BC}.Ad-Hoc|iPhone.Build.0 = Release|Any CPU
		{76FB3B52-36A8-44B9-ABE2-70057B98A1BC}.Ad-Hoc|iPhoneSimulator.ActiveCfg = Release|Any CPU
		{76FB3B52-36A8-44B9-ABE2-70057B98A1BC}.Ad-Hoc|iPhoneSimulator.Build.0 = Release|Any CPU
		{76FB3B52-36A8-44B9-ABE2-70057B98A1BC}.AppStore|Any CPU.ActiveCfg = Release|Any CPU
		{76FB3B52-36A8-44B9-ABE2-70057B98A1BC}.AppStore|Any CPU.Build.0 = Release|Any CPU
		{76FB3B52-36A8-44B9-ABE2-70057B98A1BC}.AppStore|iPhone.ActiveCfg = Release|Any CPU
		{76FB3B52-36A8-44B9-ABE2-70057B98A1BC}.AppStore|iPhone.Build.0 = Release|Any CPU
		{76FB3B52-36A8-44B9-ABE2-70057B98A1BC}.AppStore|iPhoneSimulator.ActiveCfg = Release|Any CPU
		{76FB3B52-36A8-44B9-ABE2-70057B98A1BC}.AppStore|iPhoneSimulator.Build.0 = Release|Any CPU
		{76FB3B52-36A8-44B9-ABE2-70057B98A1BC}.Debug|Any CPU.ActiveCfg = Debug|Any CPU
		{76FB3B52-36A8-44B9-ABE2-70057B98A1BC}.Debug|Any CPU.Build.0 = Debug|Any CPU
		{76FB3B52-36A8-44B9-ABE2-70057B98A1BC}.Debug|iPhone.ActiveCfg = Debug|Any CPU
		{76FB3B52-36A8-44B9-ABE2-70057B98A1BC}.Debug|iPhone.Build.0 = Debug|Any CPU
		{76FB3B52-36A8-44B9-ABE2-70057B98A1BC}.Debug|iPhoneSimulator.ActiveCfg = Debug|Any CPU
		{76FB3B52-36A8-44B9-ABE2-70057B98A1BC}.Debug|iPhoneSimulator.Build.0 = Debug|Any CPU
		{76FB3B52-36A8-44B9-ABE2-70057B98A1BC}.Release|Any CPU.ActiveCfg = Release|Any CPU
		{76FB3B52-36A8-44B9-ABE2-70057B98A1BC}.Release|Any CPU.Build.0 = Release|Any CPU
		{76FB3B52-36A8-44B9-ABE2-70057B98A1BC}.Release|iPhone.ActiveCfg = Release|Any CPU
		{76FB3B52-36A8-44B9-ABE2-70057B98A1BC}.Release|iPhone.Build.0 = Release|Any CPU
		{76FB3B52-36A8-44B9-ABE2-70057B98A1BC}.Release|iPhoneSimulator.ActiveCfg = Release|Any CPU
		{76FB3B52-36A8-44B9-ABE2-70057B98A1BC}.Release|iPhoneSimulator.Build.0 = Release|Any CPU
		{465F30DB-C249-4144-A858-A6693FED96B4}.Ad-Hoc|Any CPU.ActiveCfg = Release|Any CPU
		{465F30DB-C249-4144-A858-A6693FED96B4}.Ad-Hoc|Any CPU.Build.0 = Release|Any CPU
		{465F30DB-C249-4144-A858-A6693FED96B4}.Ad-Hoc|iPhone.ActiveCfg = Release|Any CPU
		{465F30DB-C249-4144-A858-A6693FED96B4}.Ad-Hoc|iPhone.Build.0 = Release|Any CPU
		{465F30DB-C249-4144-A858-A6693FED96B4}.Ad-Hoc|iPhoneSimulator.ActiveCfg = Release|Any CPU
		{465F30DB-C249-4144-A858-A6693FED96B4}.Ad-Hoc|iPhoneSimulator.Build.0 = Release|Any CPU
		{465F30DB-C249-4144-A858-A6693FED96B4}.AppStore|Any CPU.ActiveCfg = Release|Any CPU
		{465F30DB-C249-4144-A858-A6693FED96B4}.AppStore|Any CPU.Build.0 = Release|Any CPU
		{465F30DB-C249-4144-A858-A6693FED96B4}.AppStore|iPhone.ActiveCfg = Release|Any CPU
		{465F30DB-C249-4144-A858-A6693FED96B4}.AppStore|iPhone.Build.0 = Release|Any CPU
		{465F30DB-C249-4144-A858-A6693FED96B4}.AppStore|iPhoneSimulator.ActiveCfg = Release|Any CPU
		{465F30DB-C249-4144-A858-A6693FED96B4}.AppStore|iPhoneSimulator.Build.0 = Release|Any CPU
		{465F30DB-C249-4144-A858-A6693FED96B4}.Debug|Any CPU.ActiveCfg = Debug|Any CPU
		{465F30DB-C249-4144-A858-A6693FED96B4}.Debug|Any CPU.Build.0 = Debug|Any CPU
		{465F30DB-C249-4144-A858-A6693FED96B4}.Debug|iPhone.ActiveCfg = Debug|Any CPU
		{465F30DB-C249-4144-A858-A6693FED96B4}.Debug|iPhone.Build.0 = Debug|Any CPU
		{465F30DB-C249-4144-A858-A6693FED96B4}.Debug|iPhoneSimulator.ActiveCfg = Debug|Any CPU
		{465F30DB-C249-4144-A858-A6693FED96B4}.Debug|iPhoneSimulator.Build.0 = Debug|Any CPU
		{465F30DB-C249-4144-A858-A6693FED96B4}.Release|Any CPU.ActiveCfg = Release|Any CPU
		{465F30DB-C249-4144-A858-A6693FED96B4}.Release|Any CPU.Build.0 = Release|Any CPU
		{465F30DB-C249-4144-A858-A6693FED96B4}.Release|iPhone.ActiveCfg = Release|Any CPU
		{465F30DB-C249-4144-A858-A6693FED96B4}.Release|iPhone.Build.0 = Release|Any CPU
		{465F30DB-C249-4144-A858-A6693FED96B4}.Release|iPhoneSimulator.ActiveCfg = Release|Any CPU
		{465F30DB-C249-4144-A858-A6693FED96B4}.Release|iPhoneSimulator.Build.0 = Release|Any CPU
	EndGlobalSection
	GlobalSection(SolutionProperties) = preSolution
		HideSolutionNode = FALSE
	EndGlobalSection
	GlobalSection(NestedProjects) = preSolution
		{A6A69A10-4D6A-4FBE-B731-18C60FA20BE5} = {C86FDBB8-5ABC-47C9-A2E5-C68F52601952}
		{B2B80DD7-1D17-4345-A0CE-42D7D9EC92AE} = {C86FDBB8-5ABC-47C9-A2E5-C68F52601952}
		{DBF460F9-684A-4C03-8C7F-466DE29F9020} = {B2B80DD7-1D17-4345-A0CE-42D7D9EC92AE}
		{F4F5E043-5B76-42C3-9540-D732B7978FD3} = {B2B80DD7-1D17-4345-A0CE-42D7D9EC92AE}
		{3C1FEC7E-F7A1-48E4-AAE6-D374A7340D17} = {F4F5E043-5B76-42C3-9540-D732B7978FD3}
		{886CB84F-EA8C-48E1-BE49-741671426FD1} = {3C1FEC7E-F7A1-48E4-AAE6-D374A7340D17}
		{11D17427-6477-4D14-9F45-DF1F79347B1B} = {3C1FEC7E-F7A1-48E4-AAE6-D374A7340D17}
		{2CB5B4F7-FDF0-4EC2-AD63-5A28F7B3C736} = {3C1FEC7E-F7A1-48E4-AAE6-D374A7340D17}
	EndGlobalSection
	GlobalSection(ExtensibilityGlobals) = postSolution
		SolutionGuid = {AE900917-F972-42E2-8589-ED01E3B5F73A}
	EndGlobalSection
EndGlobal
